
Microsoft Visual Studio Solution File, Format Version 12.00
# Visual Studio Version 16
VisualStudioVersion = 16.0.30611.23
MinimumVisualStudioVersion = 10.0.40219.1
Project("{FAE04EC0-301F-11D3-BF4B-00C04F79EFBC}") = "MediaPluginIssue.Android", "MediaPluginIssue.Android\MediaPluginIssue.Android.csproj", "{26B81A0B-3BB8-488F-B52B-9877086B0B2D}"
EndProject
Project("{FAE04EC0-301F-11D3-BF4B-00C04F79EFBC}") = "MediaPluginIssue", "MediaPluginIssue\MediaPluginIssue.csproj", "{1745BDB3-4211-4004-850A-C4275D547BE2}"
EndProject
Global
	GlobalSection(SolutionConfigurationPlatforms) = preSolution
		Debug|Any CPU = Debug|Any CPU
		Release|Any CPU = Release|Any CPU
	EndGlobalSection
	GlobalSection(ProjectConfigurationPlatforms) = postSolution
		{26B81A0B-3BB8-488F-B52B-9877086B0B2D}.Debug|Any CPU.ActiveCfg = Debug|Any CPU
		{26B81A0B-3BB8-488F-B52B-9877086B0B2D}.Debug|Any CPU.Build.0 = Debug|Any CPU
		{26B81A0B-3BB8-488F-B52B-9877086B0B2D}.Debug|Any CPU.Deploy.0 = Debug|Any CPU
		{26B81A0B-3BB8-488F-B52B-9877086B0B2D}.Release|Any CPU.ActiveCfg = Release|Any CPU
		{26B81A0B-3BB8-488F-B52B-9877086B0B2D}.Release|Any CPU.Build.0 = Release|Any CPU
		{26B81A0B-3BB8-488F-B52B-9877086B0B2D}.Release|Any CPU.Deploy.0 = Release|Any CPU
		{1745BDB3-4211-4004-850A-C4275D547BE2}.Debug|Any CPU.ActiveCfg = Debug|Any CPU
		{1745BDB3-4211-4004-850A-C4275D547BE2}.Debug|Any CPU.Build.0 = Debug|Any CPU
		{1745BDB3-4211-4004-850A-C4275D547BE2}.Debug|Any CPU.Deploy.0 = Debug|Any CPU
		{1745BDB3-4211-4004-850A-C4275D547BE2}.Release|Any CPU.ActiveCfg = Release|Any CPU
		{1745BDB3-4211-4004-850A-C4275D547BE2}.Release|Any CPU.Build.0 = Release|Any CPU
		{1745BDB3-4211-4004-850A-C4275D547BE2}.Release|Any CPU.Deploy.0 = Release|Any CPU
	EndGlobalSection
	GlobalSection(SolutionProperties) = preSolution
		HideSolutionNode = FALSE
	EndGlobalSection
	GlobalSection(ExtensibilityGlobals) = postSolution
		SolutionGuid = {CFD9984D-FF31-4B4D-96BE-F9DDEEC55BA8}
	EndGlobalSection
EndGlobal
